
Microsoft Visual Studio Solution File, Format Version 12.00
# Visual Studio Version 17
VisualStudioVersion = 17.0.31903.59
MinimumVisualStudioVersion = 10.0.40219.1
Project("{2150E333-8FDC-42A3-9474-1A3956D46DE8}") = "src", "src", "{03E90055-CA6F-4234-8335-B1D4524D1D11}"
EndProject
Project("{FAE04EC0-301F-11D3-BF4B-00C04F79EFBC}") = "SqlLibrary", "src\SqlLibrary\SqlLibrary.csproj", "{9E1ADC60-D39A-4676-BDD0-126A65357542}"
EndProject
Project("{2150E333-8FDC-42A3-9474-1A3956D46DE8}") = "tests", "tests", "{E5EF777F-B914-4128-9E8F-6DFAEDC369B7}"
EndProject
Project("{FAE04EC0-301F-11D3-BF4B-00C04F79EFBC}") = "SqlLibrary.Tests", "tests\SqlLibrary.Tests\SqlLibrary.Tests.csproj", "{57354B49-1BE2-4AF8-8765-F217D92E0460}"
EndProject
Global
	GlobalSection(SolutionConfigurationPlatforms) = preSolution
		Debug|Any CPU = Debug|Any CPU
		Release|Any CPU = Release|Any CPU
	EndGlobalSection
	GlobalSection(SolutionProperties) = preSolution
		HideSolutionNode = FALSE
	EndGlobalSection
	GlobalSection(ProjectConfigurationPlatforms) = postSolution
		{9E1ADC60-D39A-4676-BDD0-126A65357542}.Debug|Any CPU.ActiveCfg = Debug|Any CPU
		{9E1ADC60-D39A-4676-BDD0-126A65357542}.Debug|Any CPU.Build.0 = Debug|Any CPU
		{9E1ADC60-D39A-4676-BDD0-126A65357542}.Release|Any CPU.ActiveCfg = Release|Any CPU
		{9E1ADC60-D39A-4676-BDD0-126A65357542}.Release|Any CPU.Build.0 = Release|Any CPU
		{57354B49-1BE2-4AF8-8765-F217D92E0460}.Debug|Any CPU.ActiveCfg = Debug|Any CPU
		{57354B49-1BE2-4AF8-8765-F217D92E0460}.Debug|Any CPU.Build.0 = Debug|Any CPU
		{57354B49-1BE2-4AF8-8765-F217D92E0460}.Release|Any CPU.ActiveCfg = Release|Any CPU
		{57354B49-1BE2-4AF8-8765-F217D92E0460}.Release|Any CPU.Build.0 = Release|Any CPU
	EndGlobalSection
	GlobalSection(NestedProjects) = preSolution
		{9E1ADC60-D39A-4676-BDD0-126A65357542} = {03E90055-CA6F-4234-8335-B1D4524D1D11}
		{57354B49-1BE2-4AF8-8765-F217D92E0460} = {E5EF777F-B914-4128-9E8F-6DFAEDC369B7}
	EndGlobalSection
EndGlobal
